<?xml version="1.0" encoding="utf-8"?>
<Project ToolsVersion="4.0" xmlns="http://schemas.microsoft.com/developer/msbuild/2003">
  <ItemGroup>
    <ClCompile Include="Ctest.cpp">
      <Filter>源文件</Filter>
    </ClCompile>
    <ClCompile Include="interview.cpp">
      <Filter>源文件</Filter>
    </ClCompile>
    <ClCompile Include="abstract_factory.cpp">
      <Filter>源文件\Design Mode</Filter>
    </ClCompile>
    <ClCompile Include="method_factory.cpp">
      <Filter>源文件\Design Mode</Filter>
    </ClCompile>
    <ClCompile Include="singleton.cpp">
      <Filter>源文件\Design Mode</Filter>
    </ClCompile>
    <ClCompile Include="simple_factory.cpp">
      <Filter>源文件\Design Mode</Filter>
    </ClCompile>
    <ClCompile Include="heap.cpp">
      <Filter>源文件\Algorithm</Filter>
    </ClCompile>
    <ClCompile Include="LFU_logn.cpp">
      <Filter>源文件\Algorithm</Filter>
    </ClCompile>
    <ClCompile Include="LFU_O(1).cpp">
      <Filter>源文件\Algorithm</Filter>
    </ClCompile>
    <ClCompile Include="LRU.cpp">
      <Filter>源文件\Algorithm</Filter>
    </ClCompile>
    <ClCompile Include="LRU_Timeout.cpp">
      <Filter>源文件\Algorithm</Filter>
    </ClCompile>
    <ClCompile Include="sort.cpp">
      <Filter>源文件\Algorithm</Filter>
    </ClCompile>
    <ClCompile Include="rand_transform.cpp">
      <Filter>源文件\Algorithm</Filter>
    </ClCompile>
    <ClCompile Include="quick_merge_sort_non_recursion.cpp">
      <Filter>源文件\Algorithm</Filter>
    </ClCompile>
    <ClCompile Include="ListNode.cpp">
      <Filter>源文件\STL</Filter>
    </ClCompile>
    <ClCompile Include="sample_hashmap.cpp">
      <Filter>源文件\STL</Filter>
    </ClCompile>
    <ClCompile Include="smart_ptr.cpp">
      <Filter>源文件\C++</Filter>
    </ClCompile>
    <ClCompile Include="public_protected_private.cpp">
      <Filter>源文件\C++</Filter>
    </ClCompile>
    <ClCompile Include="move_test.cpp">
      <Filter>源文件\C++</Filter>
    </ClCompile>
    <ClCompile Include="Facade.cpp">
      <Filter>源文件\Design Mode</Filter>
    </ClCompile>
    <ClCompile Include="Facade_Singleton.cpp">
      <Filter>源文件\Design Mode</Filter>
    </ClCompile>
    <ClCompile Include="Observer.cpp">
      <Filter>源文件\Design Mode</Filter>
    </ClCompile>
    <ClCompile Include="template_reference.cpp">
      <Filter>源文件\C++</Filter>
    </ClCompile>
    <ClCompile Include="variadic_template.cpp">
      <Filter>源文件\C++</Filter>
    </ClCompile>
    <ClCompile Include="Observer_template.cpp">
      <Filter>源文件\Design Mode</Filter>
    </ClCompile>
    <ClCompile Include="Functor.cpp">
      <Filter>源文件\C++</Filter>
    </ClCompile>
    <ClCompile Include="Discretization.cpp">
      <Filter>源文件\Algorithm</Filter>
    </ClCompile>
    <ClCompile Include="binary_indexed_tree.cpp">
      <Filter>源文件\Algorithm</Filter>
    </ClCompile>
    <ClCompile Include="placement_new.cpp">
      <Filter>源文件\C++</Filter>
    </ClCompile>
    <ClCompile Include="var_template.cpp">
      <Filter>源文件\C++</Filter>
    </ClCompile>
    <ClCompile Include="test_datasize.cpp">
      <Filter>源文件\C++</Filter>
    </ClCompile>
    <ClCompile Include="mem_alignment_struct.cpp">
      <Filter>源文件\C++</Filter>
    </ClCompile>
  </ItemGroup>
  <ItemGroup>
    <Filter Include="源文件">
      <UniqueIdentifier>{3f3f1c8e-3539-4e48-a1a0-753119455e8d}</UniqueIdentifier>
    </Filter>
    <Filter Include="头文件">
      <UniqueIdentifier>{c7e7862d-7611-4197-ac96-5d4d2ec13791}</UniqueIdentifier>
    </Filter>
    <Filter Include="源文件\Design Mode">
      <UniqueIdentifier>{ce3800af-de0c-4a87-9502-189d3a4c5a81}</UniqueIdentifier>
    </Filter>
    <Filter Include="源文件\Algorithm">
      <UniqueIdentifier>{5045a275-a532-4802-ae63-eed69cb91688}</UniqueIdentifier>
    </Filter>
    <Filter Include="源文件\STL">
      <UniqueIdentifier>{9fb75f86-4562-4fa8-830c-6ebf6df33a2c}</UniqueIdentifier>
    </Filter>
    <Filter Include="源文件\C++">
      <UniqueIdentifier>{4869cb75-6333-4530-ad66-b1b0abe0ca56}</UniqueIdentifier>
    </Filter>
  </ItemGroup>
  <ItemGroup>
    <ClInclude Include="sample_hashmap.h">
      <Filter>头文件</Filter>
    </ClInclude>
  </ItemGroup>
</Project>